
Microsoft Visual Studio Solution File, Format Version 12.00
# Visual Studio 15
VisualStudioVersion = 15.0.26730.12
MinimumVisualStudioVersion = 10.0.40219.1
Project("{FAE04EC0-301F-11D3-BF4B-00C04F79EFBC}") = "MazeCreatorTest", "tests\MazeCreatorTest.csproj", "{20AE709C-FB97-48E3-89B0-A34A5C3DA1DB}"
EndProject
Project("{2150E333-8FDC-42A3-9474-1A3956D46DE8}") = "MazeCreator", "MazeCreator", "{4A43DAAC-F9FF-4EB1-BFBD-FB4655CCE1F7}"
EndProject
Project("{FAE04EC0-301F-11D3-BF4B-00C04F79EFBC}") = "MazeCreator", "build\net462\MazeCreator.csproj", "{C45805A8-6436-4738-BD9F-4632EEA63BBC}"
EndProject
Project("{FAE04EC0-301F-11D3-BF4B-00C04F79EFBC}") = "MazeCreator.Profile78", "build\portable-net45+win8+wp8\MazeCreator.Profile78.csproj", "{DADBF7AF-B6F7-40A1-B7D1-D4A60DF10DB5}"
EndProject
Project("{D954291E-2A0B-460D-934E-DC6B0785DB48}") = "MazeCreator.Shared", "src\MazeCreator.Shared.shproj", "{BD205AD6-760E-48F3-BAB2-21447396BD17}"
EndProject
Project("{9A19103F-16F7-4668-BE54-9A1E7A4F7556}") = "MazeCreator.netstandard1.0", "build\netstandard1.0\MazeCreator.netstandard1.0.csproj", "{6CD688F7-1E49-40EF-B9E9-7B191743B622}"
EndProject
Project("{FAE04EC0-301F-11D3-BF4B-00C04F79EFBC}") = "MazeCreator.Profile111", "build\portable-net45+win8+wpa81\MazeCreator.Profile111.csproj", "{46FEED9E-ABAF-47DD-B51F-4E1BDF4B3A77}"
EndProject
Project("{9A19103F-16F7-4668-BE54-9A1E7A4F7556}") = "MazeCreator.netstandard1.3", "build\netstandard1.3\MazeCreator.netstandard1.3.csproj", "{539BED86-81DD-4C75-B2D1-D9EA2F633E3E}"
EndProject
Project("{9A19103F-16F7-4668-BE54-9A1E7A4F7556}") = "MazeCreator.netstandard1.6", "build\netstandard1.6\MazeCreator.netstandard1.6.csproj", "{6262C00B-FB39-4D8F-82BE-4F90822F9F6F}"
EndProject
Project("{9A19103F-16F7-4668-BE54-9A1E7A4F7556}") = "MazeCreator.netstandard2.0", "build\netstandard2.0\MazeCreator.netstandard2.0.csproj", "{ACDCEE57-48A3-4F85-9E58-D71A4E1C7FED}"
EndProject
Global
	GlobalSection(SharedMSBuildProjectFiles) = preSolution
		src\MazeCreator.Core.projitems*{46feed9e-abaf-47dd-b51f-4e1bdf4b3a77}*SharedItemsImports = 4
		src\MazeCreator.Core.projitems*{bd205ad6-760e-48f3-bab2-21447396bd17}*SharedItemsImports = 13
		src\MazeCreator.Core.projitems*{c45805a8-6436-4738-bd9f-4632eea63bbc}*SharedItemsImports = 4
		src\MazeCreator.Core.projitems*{dadbf7af-b6f7-40a1-b7d1-d4a60df10db5}*SharedItemsImports = 4
	EndGlobalSection
	GlobalSection(SolutionConfigurationPlatforms) = preSolution
		Debug|Any CPU = Debug|Any CPU
		Release|Any CPU = Release|Any CPU
	EndGlobalSection
	GlobalSection(ProjectConfigurationPlatforms) = postSolution
		{20AE709C-FB97-48E3-89B0-A34A5C3DA1DB}.Debug|Any CPU.ActiveCfg = Debug|Any CPU
		{20AE709C-FB97-48E3-89B0-A34A5C3DA1DB}.Debug|Any CPU.Build.0 = Debug|Any CPU
		{20AE709C-FB97-48E3-89B0-A34A5C3DA1DB}.Release|Any CPU.ActiveCfg = Release|Any CPU
		{20AE709C-FB97-48E3-89B0-A34A5C3DA1DB}.Release|Any CPU.Build.0 = Release|Any CPU
		{C45805A8-6436-4738-BD9F-4632EEA63BBC}.Debug|Any CPU.ActiveCfg = Debug|Any CPU
		{C45805A8-6436-4738-BD9F-4632EEA63BBC}.Debug|Any CPU.Build.0 = Debug|Any CPU
		{C45805A8-6436-4738-BD9F-4632EEA63BBC}.Release|Any CPU.ActiveCfg = Release|Any CPU
		{C45805A8-6436-4738-BD9F-4632EEA63BBC}.Release|Any CPU.Build.0 = Release|Any CPU
		{DADBF7AF-B6F7-40A1-B7D1-D4A60DF10DB5}.Debug|Any CPU.ActiveCfg = Debug|Any CPU
		{DADBF7AF-B6F7-40A1-B7D1-D4A60DF10DB5}.Release|Any CPU.ActiveCfg = Release|Any CPU
		{DADBF7AF-B6F7-40A1-B7D1-D4A60DF10DB5}.Release|Any CPU.Build.0 = Release|Any CPU
		{6CD688F7-1E49-40EF-B9E9-7B191743B622}.Debug|Any CPU.ActiveCfg = Debug|Any CPU
		{6CD688F7-1E49-40EF-B9E9-7B191743B622}.Release|Any CPU.ActiveCfg = Release|Any CPU
		{6CD688F7-1E49-40EF-B9E9-7B191743B622}.Release|Any CPU.Build.0 = Release|Any CPU
		{46FEED9E-ABAF-47DD-B51F-4E1BDF4B3A77}.Debug|Any CPU.ActiveCfg = Debug|Any CPU
		{46FEED9E-ABAF-47DD-B51F-4E1BDF4B3A77}.Release|Any CPU.ActiveCfg = Release|Any CPU
		{46FEED9E-ABAF-47DD-B51F-4E1BDF4B3A77}.Release|Any CPU.Build.0 = Release|Any CPU
		{539BED86-81DD-4C75-B2D1-D9EA2F633E3E}.Debug|Any CPU.ActiveCfg = Debug|Any CPU
		{539BED86-81DD-4C75-B2D1-D9EA2F633E3E}.Release|Any CPU.ActiveCfg = Release|Any CPU
		{539BED86-81DD-4C75-B2D1-D9EA2F633E3E}.Release|Any CPU.Build.0 = Release|Any CPU
		{6262C00B-FB39-4D8F-82BE-4F90822F9F6F}.Debug|Any CPU.ActiveCfg = Debug|Any CPU
		{6262C00B-FB39-4D8F-82BE-4F90822F9F6F}.Release|Any CPU.ActiveCfg = Release|Any CPU
		{6262C00B-FB39-4D8F-82BE-4F90822F9F6F}.Release|Any CPU.Build.0 = Release|Any CPU
		{ACDCEE57-48A3-4F85-9E58-D71A4E1C7FED}.Debug|Any CPU.ActiveCfg = Debug|Any CPU
		{ACDCEE57-48A3-4F85-9E58-D71A4E1C7FED}.Debug|Any CPU.Build.0 = Debug|Any CPU
		{ACDCEE57-48A3-4F85-9E58-D71A4E1C7FED}.Release|Any CPU.ActiveCfg = Release|Any CPU
		{ACDCEE57-48A3-4F85-9E58-D71A4E1C7FED}.Release|Any CPU.Build.0 = Release|Any CPU
	EndGlobalSection
	GlobalSection(SolutionProperties) = preSolution
		HideSolutionNode = FALSE
	EndGlobalSection
	GlobalSection(NestedProjects) = preSolution
		{C45805A8-6436-4738-BD9F-4632EEA63BBC} = {4A43DAAC-F9FF-4EB1-BFBD-FB4655CCE1F7}
		{DADBF7AF-B6F7-40A1-B7D1-D4A60DF10DB5} = {4A43DAAC-F9FF-4EB1-BFBD-FB4655CCE1F7}
		{BD205AD6-760E-48F3-BAB2-21447396BD17} = {4A43DAAC-F9FF-4EB1-BFBD-FB4655CCE1F7}
		{6CD688F7-1E49-40EF-B9E9-7B191743B622} = {4A43DAAC-F9FF-4EB1-BFBD-FB4655CCE1F7}
		{46FEED9E-ABAF-47DD-B51F-4E1BDF4B3A77} = {4A43DAAC-F9FF-4EB1-BFBD-FB4655CCE1F7}
		{539BED86-81DD-4C75-B2D1-D9EA2F633E3E} = {4A43DAAC-F9FF-4EB1-BFBD-FB4655CCE1F7}
		{6262C00B-FB39-4D8F-82BE-4F90822F9F6F} = {4A43DAAC-F9FF-4EB1-BFBD-FB4655CCE1F7}
		{ACDCEE57-48A3-4F85-9E58-D71A4E1C7FED} = {4A43DAAC-F9FF-4EB1-BFBD-FB4655CCE1F7}
	EndGlobalSection
	GlobalSection(ExtensibilityGlobals) = postSolution
		SolutionGuid = {4720E610-698B-48DD-BBD7-03AC99E9BC90}
	EndGlobalSection
EndGlobal
