
Microsoft Visual Studio Solution File, Format Version 12.00
# Visual Studio 15
VisualStudioVersion = 15.0.26730.12
MinimumVisualStudioVersion = 10.0.40219.1
Project("{FAE04EC0-301F-11D3-BF4B-00C04F79EFBC}") = "MazeCreatorTest", "tests\MazeCreatorTest.csproj", "{20AE709C-FB97-48E3-89B0-A34A5C3DA1DB}"
EndProject
Project("{2150E333-8FDC-42A3-9474-1A3956D46DE8}") = "MazeCreator", "MazeCreator", "{4A43DAAC-F9FF-4EB1-BFBD-FB4655CCE1F7}"
EndProject
Project("{FAE04EC0-301F-11D3-BF4B-00C04F79EFBC}") = "MazeCreator", "build\net45\MazeCreator.csproj", "{C45805A8-6436-4738-BD9F-4632EEA63BBC}"
EndProject
Project("{FAE04EC0-301F-11D3-BF4B-00C04F79EFBC}") = "MazeCreator.Profile78", "build\portable-net45+win8+wp8\MazeCreator.Profile78.csproj", "{DADBF7AF-B6F7-40A1-B7D1-D4A60DF10DB5}"
EndProject
Project("{D954291E-2A0B-460D-934E-DC6B0785DB48}") = "MazeCreator.Shared", "src\MazeCreator.Shared.shproj", "{BD205AD6-760E-48F3-BAB2-21447396BD17}"
EndProject
Project("{9A19103F-16F7-4668-BE54-9A1E7A4F7556}") = "MazeCreator.netstandard1.0", "build\netstandard1.0\MazeCreator.netstandard1.0.csproj", "{6CD688F7-1E49-40EF-B9E9-7B191743B622}"
EndProject
Project("{FAE04EC0-301F-11D3-BF4B-00C04F79EFBC}") = "MazeCreator.Profile111", "build\portable-net45+win8+wpa81\MazeCreator.Profile111.csproj", "{46FEED9E-ABAF-47DD-B51F-4E1BDF4B3A77}"
EndProject
Project("{9A19103F-16F7-4668-BE54-9A1E7A4F7556}") = "MazeCreator.netstandard1.3", "build\netstandard1.3\MazeCreator.netstandard1.3.csproj", "{539BED86-81DD-4C75-B2D1-D9EA2F633E3E}"
EndProject
Project("{9A19103F-16F7-4668-BE54-9A1E7A4F7556}") = "MazeCreator.netstandard1.6", "build\netstandard1.6\MazeCreator.netstandard1.6.csproj", "{6262C00B-FB39-4D8F-82BE-4F90822F9F6F}"
EndProject
Project("{9A19103F-16F7-4668-BE54-9A1E7A4F7556}") = "MazeCreator.netstandard2.0", "build\netstandard2.0\MazeCreator.netstandard2.0.csproj", "{ACDCEE57-48A3-4F85-9E58-D71A4E1C7FED}"
EndProject
Project("{FAE04EC0-301F-11D3-BF4B-00C04F79EFBC}") = "MazeCreator.XamarinMac", "build\XamarinMac\MazeCreator.XamarinMac.csproj", "{CFE2185E-C344-4503-9B94-9046744CEF37}"
EndProject
Project("{FAE04EC0-301F-11D3-BF4B-00C04F79EFBC}") = "MazeCreator.WatchOS", "build\WatchOS\MazeCreator.WatchOS.csproj", "{BF6A650F-AA7A-4A08-8ADA-08D9E73E1238}"
EndProject
Project("{FAE04EC0-301F-11D3-BF4B-00C04F79EFBC}") = "MazeCreator.TVOS", "build\TVOS\MazeCreator.TVOS.csproj", "{9238F6AA-2D63-4804-99D1-C279871F5669}"
EndProject
Project("{FAE04EC0-301F-11D3-BF4B-00C04F79EFBC}") = "MazeCreator.XamariniOS", "build\XamariniOS\MazeCreator.XamariniOS.csproj", "{8FAFDF62-E07E-487A-863C-74F308AE7BA6}"
EndProject
Project("{FAE04EC0-301F-11D3-BF4B-00C04F79EFBC}") = "MazeCreator.Android", "build\Android\MazeCreator.Android.csproj", "{4B766E88-5872-4437-882D-C887A3C0CDF7}"
EndProject
Global
	GlobalSection(SharedMSBuildProjectFiles) = preSolution
		src\MazeCreator.Core.projitems*{46feed9e-abaf-47dd-b51f-4e1bdf4b3a77}*SharedItemsImports = 4
		src\MazeCreator.Core.projitems*{4b766e88-5872-4437-882d-c887a3c0cdf7}*SharedItemsImports = 4
		src\MazeCreator.Core.projitems*{8fafdf62-e07e-487a-863c-74f308ae7ba6}*SharedItemsImports = 4
		src\MazeCreator.Core.projitems*{9238f6aa-2d63-4804-99d1-c279871f5669}*SharedItemsImports = 4
		src\MazeCreator.Core.projitems*{bd205ad6-760e-48f3-bab2-21447396bd17}*SharedItemsImports = 13
		src\MazeCreator.Core.projitems*{bf6a650f-aa7a-4a08-8ada-08d9e73e1238}*SharedItemsImports = 4
		src\MazeCreator.Core.projitems*{c45805a8-6436-4738-bd9f-4632eea63bbc}*SharedItemsImports = 4
		src\MazeCreator.Core.projitems*{cfe2185e-c344-4503-9b94-9046744cef37}*SharedItemsImports = 4
		src\MazeCreator.Core.projitems*{dadbf7af-b6f7-40a1-b7d1-d4a60df10db5}*SharedItemsImports = 4
	EndGlobalSection
	GlobalSection(SolutionConfigurationPlatforms) = preSolution
		Debug|Any CPU = Debug|Any CPU
		DebugAndroid|Any CPU = DebugAndroid|Any CPU
		DebugMac|Any CPU = DebugMac|Any CPU
		Release|Any CPU = Release|Any CPU
		ReleaseAndroid|Any CPU = ReleaseAndroid|Any CPU
		ReleaseMac|Any CPU = ReleaseMac|Any CPU
	EndGlobalSection
	GlobalSection(ProjectConfigurationPlatforms) = postSolution
		{20AE709C-FB97-48E3-89B0-A34A5C3DA1DB}.Debug|Any CPU.ActiveCfg = Debug|Any CPU
		{20AE709C-FB97-48E3-89B0-A34A5C3DA1DB}.Debug|Any CPU.Build.0 = Debug|Any CPU
		{20AE709C-FB97-48E3-89B0-A34A5C3DA1DB}.DebugAndroid|Any CPU.ActiveCfg = Debug|Any CPU
		{20AE709C-FB97-48E3-89B0-A34A5C3DA1DB}.DebugMac|Any CPU.ActiveCfg = Debug|Any CPU
		{20AE709C-FB97-48E3-89B0-A34A5C3DA1DB}.Release|Any CPU.ActiveCfg = Release|Any CPU
		{20AE709C-FB97-48E3-89B0-A34A5C3DA1DB}.Release|Any CPU.Build.0 = Release|Any CPU
		{20AE709C-FB97-48E3-89B0-A34A5C3DA1DB}.ReleaseAndroid|Any CPU.ActiveCfg = Release|Any CPU
		{20AE709C-FB97-48E3-89B0-A34A5C3DA1DB}.ReleaseMac|Any CPU.ActiveCfg = Debug|Any CPU
		{C45805A8-6436-4738-BD9F-4632EEA63BBC}.Debug|Any CPU.ActiveCfg = Debug|Any CPU
		{C45805A8-6436-4738-BD9F-4632EEA63BBC}.Debug|Any CPU.Build.0 = Debug|Any CPU
		{C45805A8-6436-4738-BD9F-4632EEA63BBC}.DebugAndroid|Any CPU.ActiveCfg = Debug|Any CPU
		{C45805A8-6436-4738-BD9F-4632EEA63BBC}.DebugMac|Any CPU.ActiveCfg = Debug|Any CPU
		{C45805A8-6436-4738-BD9F-4632EEA63BBC}.Release|Any CPU.ActiveCfg = Release|Any CPU
		{C45805A8-6436-4738-BD9F-4632EEA63BBC}.Release|Any CPU.Build.0 = Release|Any CPU
		{C45805A8-6436-4738-BD9F-4632EEA63BBC}.ReleaseAndroid|Any CPU.ActiveCfg = Release|Any CPU
		{C45805A8-6436-4738-BD9F-4632EEA63BBC}.ReleaseMac|Any CPU.ActiveCfg = Debug|Any CPU
		{DADBF7AF-B6F7-40A1-B7D1-D4A60DF10DB5}.Debug|Any CPU.ActiveCfg = Debug|Any CPU
		{DADBF7AF-B6F7-40A1-B7D1-D4A60DF10DB5}.DebugAndroid|Any CPU.ActiveCfg = Debug|Any CPU
		{DADBF7AF-B6F7-40A1-B7D1-D4A60DF10DB5}.DebugMac|Any CPU.ActiveCfg = Debug|Any CPU
		{DADBF7AF-B6F7-40A1-B7D1-D4A60DF10DB5}.Release|Any CPU.ActiveCfg = Release|Any CPU
		{DADBF7AF-B6F7-40A1-B7D1-D4A60DF10DB5}.Release|Any CPU.Build.0 = Release|Any CPU
		{DADBF7AF-B6F7-40A1-B7D1-D4A60DF10DB5}.ReleaseAndroid|Any CPU.ActiveCfg = Release|Any CPU
		{DADBF7AF-B6F7-40A1-B7D1-D4A60DF10DB5}.ReleaseMac|Any CPU.ActiveCfg = Debug|Any CPU
		{6CD688F7-1E49-40EF-B9E9-7B191743B622}.Debug|Any CPU.ActiveCfg = Debug|Any CPU
		{6CD688F7-1E49-40EF-B9E9-7B191743B622}.DebugAndroid|Any CPU.ActiveCfg = Debug|Any CPU
		{6CD688F7-1E49-40EF-B9E9-7B191743B622}.DebugMac|Any CPU.ActiveCfg = Debug|Any CPU
		{6CD688F7-1E49-40EF-B9E9-7B191743B622}.Release|Any CPU.ActiveCfg = Release|Any CPU
		{6CD688F7-1E49-40EF-B9E9-7B191743B622}.Release|Any CPU.Build.0 = Release|Any CPU
		{6CD688F7-1E49-40EF-B9E9-7B191743B622}.ReleaseAndroid|Any CPU.ActiveCfg = Release|Any CPU
		{6CD688F7-1E49-40EF-B9E9-7B191743B622}.ReleaseMac|Any CPU.ActiveCfg = Debug|Any CPU
		{46FEED9E-ABAF-47DD-B51F-4E1BDF4B3A77}.Debug|Any CPU.ActiveCfg = Debug|Any CPU
		{46FEED9E-ABAF-47DD-B51F-4E1BDF4B3A77}.DebugAndroid|Any CPU.ActiveCfg = Debug|Any CPU
		{46FEED9E-ABAF-47DD-B51F-4E1BDF4B3A77}.DebugMac|Any CPU.ActiveCfg = Debug|Any CPU
		{46FEED9E-ABAF-47DD-B51F-4E1BDF4B3A77}.Release|Any CPU.ActiveCfg = Release|Any CPU
		{46FEED9E-ABAF-47DD-B51F-4E1BDF4B3A77}.Release|Any CPU.Build.0 = Release|Any CPU
		{46FEED9E-ABAF-47DD-B51F-4E1BDF4B3A77}.ReleaseAndroid|Any CPU.ActiveCfg = Release|Any CPU
		{46FEED9E-ABAF-47DD-B51F-4E1BDF4B3A77}.ReleaseMac|Any CPU.ActiveCfg = Debug|Any CPU
		{539BED86-81DD-4C75-B2D1-D9EA2F633E3E}.Debug|Any CPU.ActiveCfg = Debug|Any CPU
		{539BED86-81DD-4C75-B2D1-D9EA2F633E3E}.DebugAndroid|Any CPU.ActiveCfg = Debug|Any CPU
		{539BED86-81DD-4C75-B2D1-D9EA2F633E3E}.DebugMac|Any CPU.ActiveCfg = Debug|Any CPU
		{539BED86-81DD-4C75-B2D1-D9EA2F633E3E}.Release|Any CPU.ActiveCfg = Release|Any CPU
		{539BED86-81DD-4C75-B2D1-D9EA2F633E3E}.Release|Any CPU.Build.0 = Release|Any CPU
		{539BED86-81DD-4C75-B2D1-D9EA2F633E3E}.ReleaseAndroid|Any CPU.ActiveCfg = Release|Any CPU
		{539BED86-81DD-4C75-B2D1-D9EA2F633E3E}.ReleaseMac|Any CPU.ActiveCfg = Debug|Any CPU
		{6262C00B-FB39-4D8F-82BE-4F90822F9F6F}.Debug|Any CPU.ActiveCfg = Debug|Any CPU
		{6262C00B-FB39-4D8F-82BE-4F90822F9F6F}.DebugAndroid|Any CPU.ActiveCfg = Debug|Any CPU
		{6262C00B-FB39-4D8F-82BE-4F90822F9F6F}.DebugMac|Any CPU.ActiveCfg = Debug|Any CPU
		{6262C00B-FB39-4D8F-82BE-4F90822F9F6F}.Release|Any CPU.ActiveCfg = Release|Any CPU
		{6262C00B-FB39-4D8F-82BE-4F90822F9F6F}.Release|Any CPU.Build.0 = Release|Any CPU
		{6262C00B-FB39-4D8F-82BE-4F90822F9F6F}.ReleaseAndroid|Any CPU.ActiveCfg = Release|Any CPU
		{6262C00B-FB39-4D8F-82BE-4F90822F9F6F}.ReleaseMac|Any CPU.ActiveCfg = Debug|Any CPU
		{ACDCEE57-48A3-4F85-9E58-D71A4E1C7FED}.Debug|Any CPU.ActiveCfg = Debug|Any CPU
		{ACDCEE57-48A3-4F85-9E58-D71A4E1C7FED}.DebugAndroid|Any CPU.ActiveCfg = Debug|Any CPU
		{ACDCEE57-48A3-4F85-9E58-D71A4E1C7FED}.DebugMac|Any CPU.ActiveCfg = Debug|Any CPU
		{ACDCEE57-48A3-4F85-9E58-D71A4E1C7FED}.Release|Any CPU.ActiveCfg = Release|Any CPU
		{ACDCEE57-48A3-4F85-9E58-D71A4E1C7FED}.Release|Any CPU.Build.0 = Release|Any CPU
		{ACDCEE57-48A3-4F85-9E58-D71A4E1C7FED}.ReleaseAndroid|Any CPU.ActiveCfg = Release|Any CPU
		{ACDCEE57-48A3-4F85-9E58-D71A4E1C7FED}.ReleaseMac|Any CPU.ActiveCfg = Debug|Any CPU
		{CFE2185E-C344-4503-9B94-9046744CEF37}.Debug|Any CPU.ActiveCfg = Debug|Any CPU
		{CFE2185E-C344-4503-9B94-9046744CEF37}.DebugAndroid|Any CPU.ActiveCfg = Debug|Any CPU
		{CFE2185E-C344-4503-9B94-9046744CEF37}.DebugMac|Any CPU.ActiveCfg = Debug|Any CPU
		{CFE2185E-C344-4503-9B94-9046744CEF37}.DebugMac|Any CPU.Build.0 = Debug|Any CPU
		{CFE2185E-C344-4503-9B94-9046744CEF37}.Release|Any CPU.ActiveCfg = Release|Any CPU
		{CFE2185E-C344-4503-9B94-9046744CEF37}.ReleaseAndroid|Any CPU.ActiveCfg = Release|Any CPU
		{CFE2185E-C344-4503-9B94-9046744CEF37}.ReleaseMac|Any CPU.ActiveCfg = Release|Any CPU
		{CFE2185E-C344-4503-9B94-9046744CEF37}.ReleaseMac|Any CPU.Build.0 = Release|Any CPU
		{BF6A650F-AA7A-4A08-8ADA-08D9E73E1238}.Debug|Any CPU.ActiveCfg = Debug|Any CPU
		{BF6A650F-AA7A-4A08-8ADA-08D9E73E1238}.DebugAndroid|Any CPU.ActiveCfg = Debug|Any CPU
		{BF6A650F-AA7A-4A08-8ADA-08D9E73E1238}.DebugMac|Any CPU.ActiveCfg = Debug|Any CPU
		{BF6A650F-AA7A-4A08-8ADA-08D9E73E1238}.DebugMac|Any CPU.Build.0 = Debug|Any CPU
		{BF6A650F-AA7A-4A08-8ADA-08D9E73E1238}.Release|Any CPU.ActiveCfg = Release|Any CPU
		{BF6A650F-AA7A-4A08-8ADA-08D9E73E1238}.ReleaseAndroid|Any CPU.ActiveCfg = Release|Any CPU
		{BF6A650F-AA7A-4A08-8ADA-08D9E73E1238}.ReleaseMac|Any CPU.ActiveCfg = Release|Any CPU
		{BF6A650F-AA7A-4A08-8ADA-08D9E73E1238}.ReleaseMac|Any CPU.Build.0 = Release|Any CPU
		{9238F6AA-2D63-4804-99D1-C279871F5669}.Debug|Any CPU.ActiveCfg = Debug|Any CPU
		{9238F6AA-2D63-4804-99D1-C279871F5669}.DebugAndroid|Any CPU.ActiveCfg = Debug|Any CPU
		{9238F6AA-2D63-4804-99D1-C279871F5669}.DebugMac|Any CPU.ActiveCfg = Debug|Any CPU
		{9238F6AA-2D63-4804-99D1-C279871F5669}.DebugMac|Any CPU.Build.0 = Debug|Any CPU
		{9238F6AA-2D63-4804-99D1-C279871F5669}.Release|Any CPU.ActiveCfg = Release|Any CPU
		{9238F6AA-2D63-4804-99D1-C279871F5669}.ReleaseAndroid|Any CPU.ActiveCfg = Release|Any CPU
		{9238F6AA-2D63-4804-99D1-C279871F5669}.ReleaseMac|Any CPU.ActiveCfg = Release|Any CPU
		{9238F6AA-2D63-4804-99D1-C279871F5669}.ReleaseMac|Any CPU.Build.0 = Release|Any CPU
		{8FAFDF62-E07E-487A-863C-74F308AE7BA6}.Debug|Any CPU.ActiveCfg = Debug|Any CPU
		{8FAFDF62-E07E-487A-863C-74F308AE7BA6}.DebugAndroid|Any CPU.ActiveCfg = Debug|Any CPU
		{8FAFDF62-E07E-487A-863C-74F308AE7BA6}.DebugMac|Any CPU.ActiveCfg = Debug|Any CPU
		{8FAFDF62-E07E-487A-863C-74F308AE7BA6}.DebugMac|Any CPU.Build.0 = Debug|Any CPU
		{8FAFDF62-E07E-487A-863C-74F308AE7BA6}.Release|Any CPU.ActiveCfg = Release|Any CPU
		{8FAFDF62-E07E-487A-863C-74F308AE7BA6}.ReleaseAndroid|Any CPU.ActiveCfg = Release|Any CPU
		{8FAFDF62-E07E-487A-863C-74F308AE7BA6}.ReleaseMac|Any CPU.ActiveCfg = Release|Any CPU
		{8FAFDF62-E07E-487A-863C-74F308AE7BA6}.ReleaseMac|Any CPU.Build.0 = Release|Any CPU
		{4B766E88-5872-4437-882D-C887A3C0CDF7}.Debug|Any CPU.ActiveCfg = Debug|Any CPU
		{4B766E88-5872-4437-882D-C887A3C0CDF7}.DebugAndroid|Any CPU.ActiveCfg = Debug|Any CPU
		{4B766E88-5872-4437-882D-C887A3C0CDF7}.DebugAndroid|Any CPU.Build.0 = Debug|Any CPU
		{4B766E88-5872-4437-882D-C887A3C0CDF7}.DebugMac|Any CPU.ActiveCfg = Debug|Any CPU
		{4B766E88-5872-4437-882D-C887A3C0CDF7}.Release|Any CPU.ActiveCfg = Release|Any CPU
		{4B766E88-5872-4437-882D-C887A3C0CDF7}.ReleaseAndroid|Any CPU.ActiveCfg = Release|Any CPU
		{4B766E88-5872-4437-882D-C887A3C0CDF7}.ReleaseAndroid|Any CPU.Build.0 = Release|Any CPU
		{4B766E88-5872-4437-882D-C887A3C0CDF7}.ReleaseMac|Any CPU.ActiveCfg = Debug|Any CPU
	EndGlobalSection
	GlobalSection(SolutionProperties) = preSolution
		HideSolutionNode = FALSE
	EndGlobalSection
	GlobalSection(NestedProjects) = preSolution
		{C45805A8-6436-4738-BD9F-4632EEA63BBC} = {4A43DAAC-F9FF-4EB1-BFBD-FB4655CCE1F7}
		{DADBF7AF-B6F7-40A1-B7D1-D4A60DF10DB5} = {4A43DAAC-F9FF-4EB1-BFBD-FB4655CCE1F7}
		{BD205AD6-760E-48F3-BAB2-21447396BD17} = {4A43DAAC-F9FF-4EB1-BFBD-FB4655CCE1F7}
		{6CD688F7-1E49-40EF-B9E9-7B191743B622} = {4A43DAAC-F9FF-4EB1-BFBD-FB4655CCE1F7}
		{46FEED9E-ABAF-47DD-B51F-4E1BDF4B3A77} = {4A43DAAC-F9FF-4EB1-BFBD-FB4655CCE1F7}
		{539BED86-81DD-4C75-B2D1-D9EA2F633E3E} = {4A43DAAC-F9FF-4EB1-BFBD-FB4655CCE1F7}
		{6262C00B-FB39-4D8F-82BE-4F90822F9F6F} = {4A43DAAC-F9FF-4EB1-BFBD-FB4655CCE1F7}
		{ACDCEE57-48A3-4F85-9E58-D71A4E1C7FED} = {4A43DAAC-F9FF-4EB1-BFBD-FB4655CCE1F7}
		{CFE2185E-C344-4503-9B94-9046744CEF37} = {4A43DAAC-F9FF-4EB1-BFBD-FB4655CCE1F7}
		{BF6A650F-AA7A-4A08-8ADA-08D9E73E1238} = {4A43DAAC-F9FF-4EB1-BFBD-FB4655CCE1F7}
		{9238F6AA-2D63-4804-99D1-C279871F5669} = {4A43DAAC-F9FF-4EB1-BFBD-FB4655CCE1F7}
		{8FAFDF62-E07E-487A-863C-74F308AE7BA6} = {4A43DAAC-F9FF-4EB1-BFBD-FB4655CCE1F7}
		{4B766E88-5872-4437-882D-C887A3C0CDF7} = {4A43DAAC-F9FF-4EB1-BFBD-FB4655CCE1F7}
	EndGlobalSection
	GlobalSection(ExtensibilityGlobals) = postSolution
		SolutionGuid = {4720E610-698B-48DD-BBD7-03AC99E9BC90}
	EndGlobalSection
EndGlobal
